// !$*UTF8*$!
{
	archiveVersion = 1;
	classes = {
	};
	objectVersion = 46;
	objects = {

/* Begin PBXBuildFile section */
		DA5EA83F194DD7680029E088 /* SearchViewController.swift in Sources */ = {isa = PBXBuildFile; fileRef = DA5EA83D194DD7680029E088 /* SearchViewController.swift */; };
		DA841F38194BE22A00F44E7C /* AppDelegate.swift in Sources */ = {isa = PBXBuildFile; fileRef = DA841F37194BE22A00F44E7C /* AppDelegate.swift */; };
		DA841F3B194BE22A00F44E7C /* Swift_iTunes_Browser.xcdatamodeld in Sources */ = {isa = PBXBuildFile; fileRef = DA841F39194BE22A00F44E7C /* Swift_iTunes_Browser.xcdatamodeld */; };
		DA841F40194BE22A00F44E7C /* Main.storyboard in Resources */ = {isa = PBXBuildFile; fileRef = DA841F3E194BE22A00F44E7C /* Main.storyboard */; };
		DA841F42194BE22A00F44E7C /* Images.xcassets in Resources */ = {isa = PBXBuildFile; fileRef = DA841F41194BE22A00F44E7C /* Images.xcassets */; };
		DA841F4E194BE22A00F44E7C /* Swift_iTunes_BrowserTests.swift in Sources */ = {isa = PBXBuildFile; fileRef = DA841F4D194BE22A00F44E7C /* Swift_iTunes_BrowserTests.swift */; };
		DA841F5A194BE3E000F44E7C /* SearchResultsViewController.swift in Sources */ = {isa = PBXBuildFile; fileRef = DA841F59194BE3E000F44E7C /* SearchResultsViewController.swift */; };
		DA841F5C194BE4A600F44E7C /* APIController.swift in Sources */ = {isa = PBXBuildFile; fileRef = DA841F5B194BE4A600F44E7C /* APIController.swift */; };
		DA841F5E194BEE0100F44E7C /* Blank52.png in Resources */ = {isa = PBXBuildFile; fileRef = DA841F5D194BEE0100F44E7C /* Blank52.png */; };
		DA904D94194C2530007F7BE4 /* Album.swift in Sources */ = {isa = PBXBuildFile; fileRef = DA904D93194C2530007F7BE4 /* Album.swift */; };
		DA904D96194C28D8007F7BE4 /* DetailsViewController.swift in Sources */ = {isa = PBXBuildFile; fileRef = DA904D95194C28D8007F7BE4 /* DetailsViewController.swift */; };
		DAB846AD194C3B8E00A3B9E7 /* Track.swift in Sources */ = {isa = PBXBuildFile; fileRef = DAB846AC194C3B8E00A3B9E7 /* Track.swift */; };
		DAB846AF194C3DF400A3B9E7 /* TrackCell.swift in Sources */ = {isa = PBXBuildFile; fileRef = DAB846AE194C3DF400A3B9E7 /* TrackCell.swift */; };
/* End PBXBuildFile section */

/* Begin PBXContainerItemProxy section */
		DA841F48194BE22A00F44E7C /* PBXContainerItemProxy */ = {
			isa = PBXContainerItemProxy;
			containerPortal = DA841F2A194BE22A00F44E7C /* Project object */;
			proxyType = 1;
			remoteGlobalIDString = DA841F31194BE22A00F44E7C;
			remoteInfo = "Swift iTunes Browser";
		};
/* End PBXContainerItemProxy section */

/* Begin PBXFileReference section */
		DA5EA83D194DD7680029E088 /* SearchViewController.swift */ = {isa = PBXFileReference; fileEncoding = 4; lastKnownFileType = sourcecode.swift; name = SearchViewController.swift; path = ../SearchViewController.swift; sourceTree = "<group>"; };
		DA841F32194BE22A00F44E7C /* Swift iTunes Browser.app */ = {isa = PBXFileReference; explicitFileType = wrapper.application; includeInIndex = 0; path = "Swift iTunes Browser.app"; sourceTree = BUILT_PRODUCTS_DIR; };
		DA841F36194BE22A00F44E7C /* Info.plist */ = {isa = PBXFileReference; lastKnownFileType = text.plist.xml; path = Info.plist; sourceTree = "<group>"; };
		DA841F37194BE22A00F44E7C /* AppDelegate.swift */ = {isa = PBXFileReference; lastKnownFileType = sourcecode.swift; path = AppDelegate.swift; sourceTree = "<group>"; };
		DA841F3A194BE22A00F44E7C /* Swift_iTunes_Browser.xcdatamodel */ = {isa = PBXFileReference; lastKnownFileType = wrapper.xcdatamodel; path = Swift_iTunes_Browser.xcdatamodel; sourceTree = "<group>"; };
		DA841F3F194BE22A00F44E7C /* Base */ = {isa = PBXFileReference; lastKnownFileType = file.storyboard; name = Base; path = Base.lproj/Main.storyboard; sourceTree = "<group>"; };
		DA841F41194BE22A00F44E7C /* Images.xcassets */ = {isa = PBXFileReference; lastKnownFileType = folder.assetcatalog; path = Images.xcassets; sourceTree = "<group>"; };
		DA841F47194BE22A00F44E7C /* Swift iTunes BrowserTests.xctest */ = {isa = PBXFileReference; explicitFileType = wrapper.cfbundle; includeInIndex = 0; path = "Swift iTunes BrowserTests.xctest"; sourceTree = BUILT_PRODUCTS_DIR; };
		DA841F4C194BE22A00F44E7C /* Info.plist */ = {isa = PBXFileReference; lastKnownFileType = text.plist.xml; path = Info.plist; sourceTree = "<group>"; };
		DA841F4D194BE22A00F44E7C /* Swift_iTunes_BrowserTests.swift */ = {isa = PBXFileReference; lastKnownFileType = sourcecode.swift; path = Swift_iTunes_BrowserTests.swift; sourceTree = "<group>"; };
		DA841F59194BE3E000F44E7C /* SearchResultsViewController.swift */ = {isa = PBXFileReference; fileEncoding = 4; lastKnownFileType = sourcecode.swift; path = SearchResultsViewController.swift; sourceTree = "<group>"; };
		DA841F5B194BE4A600F44E7C /* APIController.swift */ = {isa = PBXFileReference; fileEncoding = 4; lastKnownFileType = sourcecode.swift; path = APIController.swift; sourceTree = "<group>"; };
		DA841F5D194BEE0100F44E7C /* Blank52.png */ = {isa = PBXFileReference; lastKnownFileType = image.png; path = Blank52.png; sourceTree = "<group>"; };
		DA904D93194C2530007F7BE4 /* Album.swift */ = {isa = PBXFileReference; fileEncoding = 4; lastKnownFileType = sourcecode.swift; name = Album.swift; path = ../Album.swift; sourceTree = "<group>"; };
		DA904D95194C28D8007F7BE4 /* DetailsViewController.swift */ = {isa = PBXFileReference; fileEncoding = 4; lastKnownFileType = sourcecode.swift; name = DetailsViewController.swift; path = ../DetailsViewController.swift; sourceTree = "<group>"; };
		DAB846AC194C3B8E00A3B9E7 /* Track.swift */ = {isa = PBXFileReference; fileEncoding = 4; lastKnownFileType = sourcecode.swift; path = Track.swift; sourceTree = "<group>"; };
		DAB846AE194C3DF400A3B9E7 /* TrackCell.swift */ = {isa = PBXFileReference; fileEncoding = 4; lastKnownFileType = sourcecode.swift; path = TrackCell.swift; sourceTree = "<group>"; };
/* End PBXFileReference section */

/* Begin PBXFrameworksBuildPhase section */
		DA841F2F194BE22A00F44E7C /* Frameworks */ = {
			isa = PBXFrameworksBuildPhase;
			buildActionMask = 2147483647;
			files = (
			);
			runOnlyForDeploymentPostprocessing = 0;
		};
		DA841F44194BE22A00F44E7C /* Frameworks */ = {
			isa = PBXFrameworksBuildPhase;
			buildActionMask = 2147483647;
			files = (
			);
			runOnlyForDeploymentPostprocessing = 0;
		};
/* End PBXFrameworksBuildPhase section */

/* Begin PBXGroup section */
		DA841F29194BE22A00F44E7C = {
			isa = PBXGroup;
			children = (
				DA841F34194BE22A00F44E7C /* Swift iTunes Browser */,
				DA841F4A194BE22A00F44E7C /* Swift iTunes BrowserTests */,
				DA841F33194BE22A00F44E7C /* Products */,
			);
			sourceTree = "<group>";
		};
		DA841F33194BE22A00F44E7C /* Products */ = {
			isa = PBXGroup;
			children = (
				DA841F32194BE22A00F44E7C /* Swift iTunes Browser.app */,
				DA841F47194BE22A00F44E7C /* Swift iTunes BrowserTests.xctest */,
			);
			name = Products;
			sourceTree = "<group>";
		};
		DA841F34194BE22A00F44E7C /* Swift iTunes Browser */ = {
			isa = PBXGroup;
			children = (
				DA904D93194C2530007F7BE4 /* Album.swift */,
				DA841F37194BE22A00F44E7C /* AppDelegate.swift */,
				DA841F5B194BE4A600F44E7C /* APIController.swift */,
				DA841F59194BE3E000F44E7C /* SearchResultsViewController.swift */,
				DA5EA83D194DD7680029E088 /* SearchViewController.swift */,
				DA904D95194C28D8007F7BE4 /* DetailsViewController.swift */,
				DAB846AC194C3B8E00A3B9E7 /* Track.swift */,
				DAB846AE194C3DF400A3B9E7 /* TrackCell.swift */,
				DA841F3E194BE22A00F44E7C /* Main.storyboard */,
				DA841F41194BE22A00F44E7C /* Images.xcassets */,
				DA841F5D194BEE0100F44E7C /* Blank52.png */,
				DA841F39194BE22A00F44E7C /* Swift_iTunes_Browser.xcdatamodeld */,
				DA841F35194BE22A00F44E7C /* Supporting Files */,
			);
			path = "Swift iTunes Browser";
			sourceTree = "<group>";
		};
		DA841F35194BE22A00F44E7C /* Supporting Files */ = {
			isa = PBXGroup;
			children = (
				DA841F36194BE22A00F44E7C /* Info.plist */,
			);
			name = "Supporting Files";
			sourceTree = "<group>";
		};
		DA841F4A194BE22A00F44E7C /* Swift iTunes BrowserTests */ = {
			isa = PBXGroup;
			children = (
				DA841F4D194BE22A00F44E7C /* Swift_iTunes_BrowserTests.swift */,
				DA841F4B194BE22A00F44E7C /* Supporting Files */,
			);
			path = "Swift iTunes BrowserTests";
			sourceTree = "<group>";
		};
		DA841F4B194BE22A00F44E7C /* Supporting Files */ = {
			isa = PBXGroup;
			children = (
				DA841F4C194BE22A00F44E7C /* Info.plist */,
			);
			name = "Supporting Files";
			sourceTree = "<group>";
		};
/* End PBXGroup section */

/* Begin PBXNativeTarget section */
		DA841F31194BE22A00F44E7C /* Swift iTunes Browser */ = {
			isa = PBXNativeTarget;
			buildConfigurationList = DA841F51194BE22A00F44E7C /* Build configuration list for PBXNativeTarget "Swift iTunes Browser" */;
			buildPhases = (
				DA841F2E194BE22A00F44E7C /* Sources */,
				DA841F2F194BE22A00F44E7C /* Frameworks */,
				DA841F30194BE22A00F44E7C /* Resources */,
			);
			buildRules = (
			);
			dependencies = (
			);
			name = "Swift iTunes Browser";
			productName = "Swift iTunes Browser";
			productReference = DA841F32194BE22A00F44E7C /* Swift iTunes Browser.app */;
			productType = "com.apple.product-type.application";
		};
		DA841F46194BE22A00F44E7C /* Swift iTunes BrowserTests */ = {
			isa = PBXNativeTarget;
			buildConfigurationList = DA841F54194BE22A00F44E7C /* Build configuration list for PBXNativeTarget "Swift iTunes BrowserTests" */;
			buildPhases = (
				DA841F43194BE22A00F44E7C /* Sources */,
				DA841F44194BE22A00F44E7C /* Frameworks */,
				DA841F45194BE22A00F44E7C /* Resources */,
			);
			buildRules = (
			);
			dependencies = (
				DA841F49194BE22A00F44E7C /* PBXTargetDependency */,
			);
			name = "Swift iTunes BrowserTests";
			productName = "Swift iTunes BrowserTests";
			productReference = DA841F47194BE22A00F44E7C /* Swift iTunes BrowserTests.xctest */;
			productType = "com.apple.product-type.bundle.unit-test";
		};
/* End PBXNativeTarget section */

/* Begin PBXProject section */
		DA841F2A194BE22A00F44E7C /* Project object */ = {
			isa = PBXProject;
			attributes = {
				LastUpgradeCheck = 0600;
				ORGANIZATIONNAME = "Paul Yu";
				TargetAttributes = {
					DA841F31194BE22A00F44E7C = {
						CreatedOnToolsVersion = 6.0;
					};
					DA841F46194BE22A00F44E7C = {
						CreatedOnToolsVersion = 6.0;
						TestTargetID = DA841F31194BE22A00F44E7C;
					};
				};
			};
			buildConfigurationList = DA841F2D194BE22A00F44E7C /* Build configuration list for PBXProject "Swift iTunes Browser" */;
			compatibilityVersion = "Xcode 3.2";
			developmentRegion = English;
			hasScannedForEncodings = 0;
			knownRegions = (
				en,
				Base,
			);
			mainGroup = DA841F29194BE22A00F44E7C;
			productRefGroup = DA841F33194BE22A00F44E7C /* Products */;
			projectDirPath = "";
			projectRoot = "";
			targets = (
				DA841F31194BE22A00F44E7C /* Swift iTunes Browser */,
				DA841F46194BE22A00F44E7C /* Swift iTunes BrowserTests */,
			);
		};
/* End PBXProject section */

/* Begin PBXResourcesBuildPhase section */
		DA841F30194BE22A00F44E7C /* Resources */ = {
			isa = PBXResourcesBuildPhase;
			buildActionMask = 2147483647;
			files = (
				DA841F5E194BEE0100F44E7C /* Blank52.png in Resources */,
				DA841F40194BE22A00F44E7C /* Main.storyboard in Resources */,
				DA841F42194BE22A00F44E7C /* Images.xcassets in Resources */,
			);
			runOnlyForDeploymentPostprocessing = 0;
		};
		DA841F45194BE22A00F44E7C /* Resources */ = {
			isa = PBXResourcesBuildPhase;
			buildActionMask = 2147483647;
			files = (
			);
			runOnlyForDeploymentPostprocessing = 0;
		};
/* End PBXResourcesBuildPhase section */

/* Begin PBXSourcesBuildPhase section */
		DA841F2E194BE22A00F44E7C /* Sources */ = {
			isa = PBXSourcesBuildPhase;
			buildActionMask = 2147483647;
			files = (
				DA841F5C194BE4A600F44E7C /* APIController.swift in Sources */,
				DA841F3B194BE22A00F44E7C /* Swift_iTunes_Browser.xcdatamodeld in Sources */,
				DA841F5A194BE3E000F44E7C /* SearchResultsViewController.swift in Sources */,
				DA5EA83F194DD7680029E088 /* SearchViewController.swift in Sources */,
				DA841F38194BE22A00F44E7C /* AppDelegate.swift in Sources */,
				DA904D94194C2530007F7BE4 /* Album.swift in Sources */,
				DA904D96194C28D8007F7BE4 /* DetailsViewController.swift in Sources */,
				DAB846AD194C3B8E00A3B9E7 /* Track.swift in Sources */,
				DAB846AF194C3DF400A3B9E7 /* TrackCell.swift in Sources */,
			);
			runOnlyForDeploymentPostprocessing = 0;
		};
		DA841F43194BE22A00F44E7C /* Sources */ = {
			isa = PBXSourcesBuildPhase;
			buildActionMask = 2147483647;
			files = (
				DA841F4E194BE22A00F44E7C /* Swift_iTunes_BrowserTests.swift in Sources */,
			);
			runOnlyForDeploymentPostprocessing = 0;
		};
/* End PBXSourcesBuildPhase section */

/* Begin PBXTargetDependency section */
		DA841F49194BE22A00F44E7C /* PBXTargetDependency */ = {
			isa = PBXTargetDependency;
			target = DA841F31194BE22A00F44E7C /* Swift iTunes Browser */;
			targetProxy = DA841F48194BE22A00F44E7C /* PBXContainerItemProxy */;
		};
/* End PBXTargetDependency section */

/* Begin PBXVariantGroup section */
		DA841F3E194BE22A00F44E7C /* Main.storyboard */ = {
			isa = PBXVariantGroup;
			children = (
				DA841F3F194BE22A00F44E7C /* Base */,
			);
			name = Main.storyboard;
			sourceTree = "<group>";
		};
/* End PBXVariantGroup section */

/* Begin XCBuildConfiguration section */
		DA841F4F194BE22A00F44E7C /* Debug */ = {
			isa = XCBuildConfiguration;
			buildSettings = {
				ALWAYS_SEARCH_USER_PATHS = NO;
				CLANG_CXX_LANGUAGE_STANDARD = "gnu++0x";
				CLANG_CXX_LIBRARY = "libc++";
				CLANG_ENABLE_MODULES = YES;
				CLANG_ENABLE_OBJC_ARC = YES;
				CLANG_WARN_BOOL_CONVERSION = YES;
				CLANG_WARN_CONSTANT_CONVERSION = YES;
				CLANG_WARN_DIRECT_OBJC_ISA_USAGE = YES_ERROR;
				CLANG_WARN_EMPTY_BODY = YES;
				CLANG_WARN_ENUM_CONVERSION = YES;
				CLANG_WARN_INT_CONVERSION = YES;
				CLANG_WARN_OBJC_ROOT_CLASS = YES_ERROR;
				CLANG_WARN_UNREACHABLE_CODE = YES;
				CLANG_WARN__DUPLICATE_METHOD_MATCH = YES;
				"CODE_SIGN_IDENTITY[sdk=iphoneos*]" = "iPhone Developer";
				COPY_PHASE_STRIP = NO;
				ENABLE_STRICT_OBJC_MSGSEND = YES;
				GCC_C_LANGUAGE_STANDARD = gnu99;
				GCC_DYNAMIC_NO_PIC = NO;
				GCC_OPTIMIZATION_LEVEL = 0;
				GCC_PREPROCESSOR_DEFINITIONS = (
					"DEBUG=1",
					"$(inherited)",
				);
				GCC_SYMBOLS_PRIVATE_EXTERN = NO;
				GCC_WARN_64_TO_32_BIT_CONVERSION = YES;
				GCC_WARN_ABOUT_RETURN_TYPE = YES_ERROR;
				GCC_WARN_UNDECLARED_SELECTOR = YES;
				GCC_WARN_UNINITIALIZED_AUTOS = YES_AGGRESSIVE;
				GCC_WARN_UNUSED_FUNCTION = YES;
				GCC_WARN_UNUSED_VARIABLE = YES;
				IPHONEOS_DEPLOYMENT_TARGET = 8.0;
				METAL_ENABLE_DEBUG_INFO = YES;
				ONLY_ACTIVE_ARCH = YES;
				SDKROOT = iphoneos;
				SWIFT_OPTIMIZATION_LEVEL = "-Onone";
				TARGETED_DEVICE_FAMILY = "1,2";
			};
			name = Debug;
		};
		DA841F50194BE22A00F44E7C /* Release */ = {
			isa = XCBuildConfiguration;
			buildSettings = {
				ALWAYS_SEARCH_USER_PATHS = NO;
				CLANG_CXX_LANGUAGE_STANDARD = "gnu++0x";
				CLANG_CXX_LIBRARY = "libc++";
				CLANG_ENABLE_MODULES = YES;
				CLANG_ENABLE_OBJC_ARC = YES;
				CLANG_WARN_BOOL_CONVERSION = YES;
				CLANG_WARN_CONSTANT_CONVERSION = YES;
				CLANG_WARN_DIRECT_OBJC_ISA_USAGE = YES_ERROR;
				CLANG_WARN_EMPTY_BODY = YES;
				CLANG_WARN_ENUM_CONVERSION = YES;
				CLANG_WARN_INT_CONVERSION = YES;
				CLANG_WARN_OBJC_ROOT_CLASS = YES_ERROR;
				CLANG_WARN_UNREACHABLE_CODE = YES;
				CLANG_WARN__DUPLICATE_METHOD_MATCH = YES;
				"CODE_SIGN_IDENTITY[sdk=iphoneos*]" = "iPhone Developer";
				COPY_PHASE_STRIP = YES;
				ENABLE_NS_ASSERTIONS = NO;
				ENABLE_STRICT_OBJC_MSGSEND = YES;
				GCC_C_LANGUAGE_STANDARD = gnu99;
				GCC_WARN_64_TO_32_BIT_CONVERSION = YES;
				GCC_WARN_ABOUT_RETURN_TYPE = YES_ERROR;
				GCC_WARN_UNDECLARED_SELECTOR = YES;
				GCC_WARN_UNINITIALIZED_AUTOS = YES_AGGRESSIVE;
				GCC_WARN_UNUSED_FUNCTION = YES;
				GCC_WARN_UNUSED_VARIABLE = YES;
				IPHONEOS_DEPLOYMENT_TARGET = 8.0;
				METAL_ENABLE_DEBUG_INFO = NO;
				SDKROOT = iphoneos;
				TARGETED_DEVICE_FAMILY = "1,2";
				VALIDATE_PRODUCT = YES;
			};
			name = Release;
		};
		DA841F52194BE22A00F44E7C /* Debug */ = {
			isa = XCBuildConfiguration;
			buildSettings = {
				ASSETCATALOG_COMPILER_APPICON_NAME = AppIcon;
				ASSETCATALOG_COMPILER_LAUNCHIMAGE_NAME = LaunchImage;
				INFOPLIST_FILE = "Swift iTunes Browser/Info.plist";
				IPHONEOS_DEPLOYMENT_TARGET = 7.0;
				LD_RUNPATH_SEARCH_PATHS = "$(inherited) @executable_path/Frameworks";
				PRODUCT_NAME = "$(TARGET_NAME)";
			};
			name = Debug;
		};
		DA841F53194BE22A00F44E7C /* Release */ = {
			isa = XCBuildConfiguration;
			buildSettings = {
				ASSETCATALOG_COMPILER_APPICON_NAME = AppIcon;
				ASSETCATALOG_COMPILER_LAUNCHIMAGE_NAME = LaunchImage;
				INFOPLIST_FILE = "Swift iTunes Browser/Info.plist";
				IPHONEOS_DEPLOYMENT_TARGET = 7.0;
				LD_RUNPATH_SEARCH_PATHS = "$(inherited) @executable_path/Frameworks";
				PRODUCT_NAME = "$(TARGET_NAME)";
			};
			name = Release;
		};
		DA841F55194BE22A00F44E7C /* Debug */ = {
			isa = XCBuildConfiguration;
			buildSettings = {
				BUNDLE_LOADER = "$(BUILT_PRODUCTS_DIR)/Swift iTunes Browser.app/Swift iTunes Browser";
				FRAMEWORK_SEARCH_PATHS = (
					"$(SDKROOT)/Developer/Library/Frameworks",
					"$(inherited)",
				);
				GCC_PREPROCESSOR_DEFINITIONS = (
					"DEBUG=1",
					"$(inherited)",
				);
				INFOPLIST_FILE = "Swift iTunes BrowserTests/Info.plist";
				LD_RUNPATH_SEARCH_PATHS = "$(inherited) @executable_path/Frameworks @loader_path/Frameworks";
				METAL_ENABLE_DEBUG_INFO = YES;
				PRODUCT_NAME = "$(TARGET_NAME)";
				TEST_HOST = "$(BUNDLE_LOADER)";
			};
			name = Debug;
		};
		DA841F56194BE22A00F44E7C /* Release */ = {
			isa = XCBuildConfiguration;
			buildSettings = {
				BUNDLE_LOADER = "$(BUILT_PRODUCTS_DIR)/Swift iTunes Browser.app/Swift iTunes Browser";
				FRAMEWORK_SEARCH_PATHS = (
					"$(SDKROOT)/Developer/Library/Frameworks",
					"$(inherited)",
				);
				INFOPLIST_FILE = "Swift iTunes BrowserTests/Info.plist";
				LD_RUNPATH_SEARCH_PATHS = "$(inherited) @executable_path/Frameworks @loader_path/Frameworks";
				METAL_ENABLE_DEBUG_INFO = NO;
				PRODUCT_NAME = "$(TARGET_NAME)";
				TEST_HOST = "$(BUNDLE_LOADER)";
			};
			name = Release;
		};
/* End XCBuildConfiguration section */

/* Begin XCConfigurationList section */
		DA841F2D194BE22A00F44E7C /* Build configuration list for PBXProject "Swift iTunes Browser" */ = {
			isa = XCConfigurationList;
			buildConfigurations = (
				DA841F4F194BE22A00F44E7C /* Debug */,
				DA841F50194BE22A00F44E7C /* Release */,
			);
			defaultConfigurationIsVisible = 0;
			defaultConfigurationName = Release;
		};
		DA841F51194BE22A00F44E7C /* Build configuration list for PBXNativeTarget "Swift iTunes Browser" */ = {
			isa = XCConfigurationList;
			buildConfigurations = (
				DA841F52194BE22A00F44E7C /* Debug */,
				DA841F53194BE22A00F44E7C /* Release */,
			);
			defaultConfigurationIsVisible = 0;
			defaultConfigurationName = Release;
		};
		DA841F54194BE22A00F44E7C /* Build configuration list for PBXNativeTarget "Swift iTunes BrowserTests" */ = {
			isa = XCConfigurationList;
			buildConfigurations = (
				DA841F55194BE22A00F44E7C /* Debug */,
				DA841F56194BE22A00F44E7C /* Release */,
			);
			defaultConfigurationIsVisible = 0;
			defaultConfigurationName = Release;
		};
/* End XCConfigurationList section */

/* Begin XCVersionGroup section */
		DA841F39194BE22A00F44E7C /* Swift_iTunes_Browser.xcdatamodeld */ = {
			isa = XCVersionGroup;
			children = (
				DA841F3A194BE22A00F44E7C /* Swift_iTunes_Browser.xcdatamodel */,
			);
			currentVersion = DA841F3A194BE22A00F44E7C /* Swift_iTunes_Browser.xcdatamodel */;
			path = Swift_iTunes_Browser.xcdatamodeld;
			sourceTree = "<group>";
			versionGroupType = wrapper.xcdatamodel;
		};
/* End XCVersionGroup section */
	};
	rootObject = DA841F2A194BE22A00F44E7C /* Project object */;
}
